
Microsoft Visual Studio Solution File, Format Version 12.00
# Visual Studio Version 17
VisualStudioVersion = 17.0.31903.59
MinimumVisualStudioVersion = 10.0.40219.1
Project("{9A19103F-16F7-4668-BE54-9A1E7A4F7556}") = "AkariTool.App", "src\AkariTool.App\AkariTool.App.csproj", "{C514611D-FAF3-4E61-9469-629CD3F35931}"
EndProject
Project("{9A19103F-16F7-4668-BE54-9A1E7A4F7556}") = "AkariTool.Core", "src\AkariTool.Core\AkariTool.Core.csproj", "{510D67F4-23AB-4721-9984-167AB7F1480C}"
EndProject
Project("{9A19103F-16F7-4668-BE54-9A1E7A4F7556}") = "AkariTool.Infrastructure", "src\AkariTool.Infrastructure\AkariTool.Infrastructure.csproj", "{EF2C04C9-2649-4CBD-8DDF-C9D1B6D3D14E}"
EndProject
Project("{9A19103F-16F7-4668-BE54-9A1E7A4F7556}") = "AkariTool.Core.Tests", "tests\AkariTool.Core.Tests\AkariTool.Core.Tests.csproj", "{50A5C729-E7C6-48D1-BF65-F600EF79D233}"
EndProject
Project("{9A19103F-16F7-4668-BE54-9A1E7A4F7556}") = "AkariTool.Infrastructure.Tests", "tests\AkariTool.Infrastructure.Tests\AkariTool.Infrastructure.Tests.csproj", "{1A474F6C-6041-44E5-A102-C4A2ADC74CA3}"
EndProject
Project("{2150E333-8FDC-42A3-9474-1A3956D46DE8}") = "src", "src", "{C59EA786-C9B0-4C45-A826-7BE879F788FA}"
EndProject
Project("{2150E333-8FDC-42A3-9474-1A3956D46DE8}") = "tests", "tests", "{1AEE90C7-ED83-4FA3-82A8-FDDEB492B52F}"
EndProject
Project("{2150E333-8FDC-42A3-9474-1A3956D46DE8}") = "vendor", "vendor", "{3EFB08DA-2EA9-FE77-18DF-C4D4293AFD9C}"
EndProject
Project("{FAE04EC0-301F-11D3-BF4B-00C04F79EFBC}") = "WinGet.Interop", "vendor\WinGet.Interop\WinGet.Interop.csproj", "{87D205B2-071A-43FE-811D-5ADA6165E132}"
EndProject
Global
	GlobalSection(SolutionConfigurationPlatforms) = preSolution
		Debug|x64 = Debug|x64
		Debug|Any CPU = Debug|Any CPU
		Debug|x86 = Debug|x86
		Release|x64 = Release|x64
		Release|Any CPU = Release|Any CPU
		Release|x86 = Release|x86
	EndGlobalSection
	GlobalSection(ProjectConfigurationPlatforms) = postSolution
		{C514611D-FAF3-4E61-9469-629CD3F35931}.Debug|x64.ActiveCfg = Debug|x64
		{C514611D-FAF3-4E61-9469-629CD3F35931}.Debug|x64.Build.0 = Debug|x64
		{C514611D-FAF3-4E61-9469-629CD3F35931}.Debug|Any CPU.ActiveCfg = Debug|Any CPU
		{C514611D-FAF3-4E61-9469-629CD3F35931}.Debug|Any CPU.Build.0 = Debug|Any CPU
		{C514611D-FAF3-4E61-9469-629CD3F35931}.Debug|x86.ActiveCfg = Debug|Any CPU
		{C514611D-FAF3-4E61-9469-629CD3F35931}.Debug|x86.Build.0 = Debug|Any CPU
		{C514611D-FAF3-4E61-9469-629CD3F35931}.Release|x64.ActiveCfg = Release|x64
		{C514611D-FAF3-4E61-9469-629CD3F35931}.Release|x64.Build.0 = Release|x64
		{C514611D-FAF3-4E61-9469-629CD3F35931}.Release|Any CPU.ActiveCfg = Release|Any CPU
		{C514611D-FAF3-4E61-9469-629CD3F35931}.Release|Any CPU.Build.0 = Release|Any CPU
		{C514611D-FAF3-4E61-9469-629CD3F35931}.Release|x86.ActiveCfg = Release|Any CPU
		{C514611D-FAF3-4E61-9469-629CD3F35931}.Release|x86.Build.0 = Release|Any CPU
		{510D67F4-23AB-4721-9984-167AB7F1480C}.Debug|x64.ActiveCfg = Debug|Any CPU
		{510D67F4-23AB-4721-9984-167AB7F1480C}.Debug|x64.Build.0 = Debug|Any CPU
		{510D67F4-23AB-4721-9984-167AB7F1480C}.Debug|Any CPU.ActiveCfg = Debug|Any CPU
		{510D67F4-23AB-4721-9984-167AB7F1480C}.Debug|Any CPU.Build.0 = Debug|Any CPU
		{510D67F4-23AB-4721-9984-167AB7F1480C}.Debug|x86.ActiveCfg = Debug|Any CPU
		{510D67F4-23AB-4721-9984-167AB7F1480C}.Debug|x86.Build.0 = Debug|Any CPU
		{510D67F4-23AB-4721-9984-167AB7F1480C}.Release|x64.ActiveCfg = Release|Any CPU
		{510D67F4-23AB-4721-9984-167AB7F1480C}.Release|x64.Build.0 = Release|Any CPU
		{510D67F4-23AB-4721-9984-167AB7F1480C}.Release|Any CPU.ActiveCfg = Release|Any CPU
		{510D67F4-23AB-4721-9984-167AB7F1480C}.Release|Any CPU.Build.0 = Release|Any CPU
		{510D67F4-23AB-4721-9984-167AB7F1480C}.Release|x86.ActiveCfg = Release|Any CPU
		{510D67F4-23AB-4721-9984-167AB7F1480C}.Release|x86.Build.0 = Release|Any CPU
		{EF2C04C9-2649-4CBD-8DDF-C9D1B6D3D14E}.Debug|x64.ActiveCfg = Debug|Any CPU
		{EF2C04C9-2649-4CBD-8DDF-C9D1B6D3D14E}.Debug|x64.Build.0 = Debug|Any CPU
		{EF2C04C9-2649-4CBD-8DDF-C9D1B6D3D14E}.Debug|Any CPU.ActiveCfg = Debug|Any CPU
		{EF2C04C9-2649-4CBD-8DDF-C9D1B6D3D14E}.Debug|Any CPU.Build.0 = Debug|Any CPU
		{EF2C04C9-2649-4CBD-8DDF-C9D1B6D3D14E}.Debug|x86.ActiveCfg = Debug|Any CPU
		{EF2C04C9-2649-4CBD-8DDF-C9D1B6D3D14E}.Debug|x86.Build.0 = Debug|Any CPU
		{EF2C04C9-2649-4CBD-8DDF-C9D1B6D3D14E}.Release|x64.ActiveCfg = Release|Any CPU
		{EF2C04C9-2649-4CBD-8DDF-C9D1B6D3D14E}.Release|x64.Build.0 = Release|Any CPU
		{EF2C04C9-2649-4CBD-8DDF-C9D1B6D3D14E}.Release|Any CPU.ActiveCfg = Release|Any CPU
		{EF2C04C9-2649-4CBD-8DDF-C9D1B6D3D14E}.Release|Any CPU.Build.0 = Release|Any CPU
		{EF2C04C9-2649-4CBD-8DDF-C9D1B6D3D14E}.Release|x86.ActiveCfg = Release|Any CPU
		{EF2C04C9-2649-4CBD-8DDF-C9D1B6D3D14E}.Release|x86.Build.0 = Release|Any CPU
		{50A5C729-E7C6-48D1-BF65-F600EF79D233}.Debug|x64.ActiveCfg = Debug|Any CPU
		{50A5C729-E7C6-48D1-BF65-F600EF79D233}.Debug|x64.Build.0 = Debug|Any CPU
		{50A5C729-E7C6-48D1-BF65-F600EF79D233}.Debug|Any CPU.ActiveCfg = Debug|Any CPU
		{50A5C729-E7C6-48D1-BF65-F600EF79D233}.Debug|Any CPU.Build.0 = Debug|Any CPU
		{50A5C729-E7C6-48D1-BF65-F600EF79D233}.Debug|x86.ActiveCfg = Debug|Any CPU
		{50A5C729-E7C6-48D1-BF65-F600EF79D233}.Debug|x86.Build.0 = Debug|Any CPU
		{50A5C729-E7C6-48D1-BF65-F600EF79D233}.Release|x64.ActiveCfg = Release|Any CPU
		{50A5C729-E7C6-48D1-BF65-F600EF79D233}.Release|x64.Build.0 = Release|Any CPU
		{50A5C729-E7C6-48D1-BF65-F600EF79D233}.Release|Any CPU.ActiveCfg = Release|Any CPU
		{50A5C729-E7C6-48D1-BF65-F600EF79D233}.Release|Any CPU.Build.0 = Release|Any CPU
		{50A5C729-E7C6-48D1-BF65-F600EF79D233}.Release|x86.ActiveCfg = Release|Any CPU
		{50A5C729-E7C6-48D1-BF65-F600EF79D233}.Release|x86.Build.0 = Release|Any CPU
		{1A474F6C-6041-44E5-A102-C4A2ADC74CA3}.Debug|x64.ActiveCfg = Debug|Any CPU
		{1A474F6C-6041-44E5-A102-C4A2ADC74CA3}.Debug|x64.Build.0 = Debug|Any CPU
		{1A474F6C-6041-44E5-A102-C4A2ADC74CA3}.Debug|Any CPU.ActiveCfg = Debug|Any CPU
		{1A474F6C-6041-44E5-A102-C4A2ADC74CA3}.Debug|Any CPU.Build.0 = Debug|Any CPU
		{1A474F6C-6041-44E5-A102-C4A2ADC74CA3}.Debug|x86.ActiveCfg = Debug|Any CPU
		{1A474F6C-6041-44E5-A102-C4A2ADC74CA3}.Debug|x86.Build.0 = Debug|Any CPU
		{1A474F6C-6041-44E5-A102-C4A2ADC74CA3}.Release|x64.ActiveCfg = Release|Any CPU
		{1A474F6C-6041-44E5-A102-C4A2ADC74CA3}.Release|x64.Build.0 = Release|Any CPU
		{1A474F6C-6041-44E5-A102-C4A2ADC74CA3}.Release|Any CPU.ActiveCfg = Release|Any CPU
		{1A474F6C-6041-44E5-A102-C4A2ADC74CA3}.Release|Any CPU.Build.0 = Release|Any CPU
		{1A474F6C-6041-44E5-A102-C4A2ADC74CA3}.Release|x86.ActiveCfg = Release|Any CPU
		{1A474F6C-6041-44E5-A102-C4A2ADC74CA3}.Release|x86.Build.0 = Release|Any CPU
		{87D205B2-071A-43FE-811D-5ADA6165E132}.Debug|x64.ActiveCfg = Debug|Any CPU
		{87D205B2-071A-43FE-811D-5ADA6165E132}.Debug|x64.Build.0 = Debug|Any CPU
		{87D205B2-071A-43FE-811D-5ADA6165E132}.Debug|Any CPU.ActiveCfg = Debug|Any CPU
		{87D205B2-071A-43FE-811D-5ADA6165E132}.Debug|Any CPU.Build.0 = Debug|Any CPU
		{87D205B2-071A-43FE-811D-5ADA6165E132}.Debug|x86.ActiveCfg = Debug|Any CPU
		{87D205B2-071A-43FE-811D-5ADA6165E132}.Debug|x86.Build.0 = Debug|Any CPU
		{87D205B2-071A-43FE-811D-5ADA6165E132}.Release|x64.ActiveCfg = Release|Any CPU
		{87D205B2-071A-43FE-811D-5ADA6165E132}.Release|x64.Build.0 = Release|Any CPU
		{87D205B2-071A-43FE-811D-5ADA6165E132}.Release|Any CPU.ActiveCfg = Release|Any CPU
		{87D205B2-071A-43FE-811D-5ADA6165E132}.Release|Any CPU.Build.0 = Release|Any CPU
		{87D205B2-071A-43FE-811D-5ADA6165E132}.Release|x86.ActiveCfg = Release|Any CPU
		{87D205B2-071A-43FE-811D-5ADA6165E132}.Release|x86.Build.0 = Release|Any CPU
	EndGlobalSection
	GlobalSection(SolutionProperties) = preSolution
		HideSolutionNode = FALSE
	EndGlobalSection
	GlobalSection(NestedProjects) = preSolution
		{C514611D-FAF3-4E61-9469-629CD3F35931} = {C59EA786-C9B0-4C45-A826-7BE879F788FA}
		{510D67F4-23AB-4721-9984-167AB7F1480C} = {C59EA786-C9B0-4C45-A826-7BE879F788FA}
		{EF2C04C9-2649-4CBD-8DDF-C9D1B6D3D14E} = {C59EA786-C9B0-4C45-A826-7BE879F788FA}
		{50A5C729-E7C6-48D1-BF65-F600EF79D233} = {1AEE90C7-ED83-4FA3-82A8-FDDEB492B52F}
		{1A474F6C-6041-44E5-A102-C4A2ADC74CA3} = {1AEE90C7-ED83-4FA3-82A8-FDDEB492B52F}
		{87D205B2-071A-43FE-811D-5ADA6165E132} = {3EFB08DA-2EA9-FE77-18DF-C4D4293AFD9C}
	EndGlobalSection
	GlobalSection(ExtensibilityGlobals) = postSolution
		SolutionGuid = {3F8A2D1C-9B4E-4A6F-8C7D-1E2F3A4B5C6D}
	EndGlobalSection
EndGlobal
